
Microsoft Visual Studio Solution File, Format Version 12.00
# Visual Studio 15
VisualStudioVersion = 15.0.28307.136
MinimumVisualStudioVersion = 10.0.40219.1
Project("{2150E333-8FDC-42A3-9474-1A3956D46DE8}") = "0-Api", "0-Api", "{3BE49CF1-D091-4E3D-B04D-1809E470FD10}"
EndProject
Project("{2150E333-8FDC-42A3-9474-1A3956D46DE8}") = "1-CrossCutting", "1-CrossCutting", "{E6CD7885-8185-4DA3-AC5B-72A083E20F9A}"
EndProject
Project("{2150E333-8FDC-42A3-9474-1A3956D46DE8}") = "2-Services", "2-Services", "{F5B14308-5CED-4244-8CBA-6BE5318AB5F6}"
EndProject
Project("{2150E333-8FDC-42A3-9474-1A3956D46DE8}") = "3-Data", "3-Data", "{512C401C-43B0-4E95-B6F3-E4B11219511B}"
EndProject
Project("{2150E333-8FDC-42A3-9474-1A3956D46DE8}") = "4-Model", "4-Model", "{23ED2975-3CB6-4A3E-A6FB-19CD0A55ADE2}"
EndProject
Project("{2150E333-8FDC-42A3-9474-1A3956D46DE8}") = "5-Tests", "5-Tests", "{6C480A56-4FAE-4A7E-953E-7096781CEAD2}"
EndProject
Project("{9A19103F-16F7-4668-BE54-9A1E7A4F7556}") = "Yagohf.Gympass.RaceAnalyser.Api", "Yagohf.Gympass.RaceAnalyser.Api\Yagohf.Gympass.RaceAnalyser.Api.csproj", "{844D01E5-1625-42D2-BE0F-17270986E861}"
EndProject
Project("{9A19103F-16F7-4668-BE54-9A1E7A4F7556}") = "Yagohf.Gympass.RaceAnalyser.Infrastructure", "Yagohf.Gympass.RaceAnalyser.Infrastructure\Yagohf.Gympass.RaceAnalyser.Infrastructure.csproj", "{168352DE-09C3-4C17-A448-31C449550561}"
EndProject
Project("{9A19103F-16F7-4668-BE54-9A1E7A4F7556}") = "Yagohf.Gympass.RaceAnalyser.Injector", "Yagohf.Gympass.RaceAnalyser.Injector\Yagohf.Gympass.RaceAnalyser.Injector.csproj", "{F501F7C7-426B-4D8A-A9B6-D730F995D0D9}"
EndProject
Project("{9A19103F-16F7-4668-BE54-9A1E7A4F7556}") = "Yagohf.Gympass.RaceAnalyser.Services", "Yagohf.Gympass.RaceAnalyser.Services\Yagohf.Gympass.RaceAnalyser.Services.csproj", "{EBDC5EC3-3600-4739-B203-1A2B79FE1038}"
EndProject
Project("{9A19103F-16F7-4668-BE54-9A1E7A4F7556}") = "Yagohf.Gympass.RaceAnalyser.Services.Interface", "Yagohf.Gympass.RaceAnalyser.Services.Interface\Yagohf.Gympass.RaceAnalyser.Services.Interface.csproj", "{4CE3E1E0-1FB9-4F25-B000-8AF291F87795}"
EndProject
Project("{9A19103F-16F7-4668-BE54-9A1E7A4F7556}") = "Yagohf.Gympass.RaceAnalyser.Data", "Yagohf.Gympass.RaceAnalyser.Data\Yagohf.Gympass.RaceAnalyser.Data.csproj", "{CC4D3237-60F7-4887-8EDA-97F651C8610E}"
EndProject
Project("{9A19103F-16F7-4668-BE54-9A1E7A4F7556}") = "Yagohf.Gympass.RaceAnalyser.Data.Interface", "Yagohf.Gympass.RaceAnalyser.Data.Interface\Yagohf.Gympass.RaceAnalyser.Data.Interface.csproj", "{E300B789-6E95-4354-9B96-57FD3835911B}"
EndProject
Project("{9A19103F-16F7-4668-BE54-9A1E7A4F7556}") = "Yagohf.Gympass.RaceAnalyser.Model", "Yagohf.Gympass.RaceAnalyser.Model\Yagohf.Gympass.RaceAnalyser.Model.csproj", "{554B783E-32B5-4920-840B-6D2F65588419}"
EndProject
Project("{FAE04EC0-301F-11D3-BF4B-00C04F79EFBC}") = "Yagohf.Gympass.RaceAnalyser.UnitTests", "Yagohf.Gympass.RaceAnalyser.UnitTests\Yagohf.Gympass.RaceAnalyser.UnitTests.csproj", "{7C7CF031-4DB0-4854-98C6-F6776917B19B}"
EndProject
Global
	GlobalSection(SolutionConfigurationPlatforms) = preSolution
		Debug|Any CPU = Debug|Any CPU
		Release|Any CPU = Release|Any CPU
	EndGlobalSection
	GlobalSection(ProjectConfigurationPlatforms) = postSolution
		{844D01E5-1625-42D2-BE0F-17270986E861}.Debug|Any CPU.ActiveCfg = Debug|Any CPU
		{844D01E5-1625-42D2-BE0F-17270986E861}.Debug|Any CPU.Build.0 = Debug|Any CPU
		{844D01E5-1625-42D2-BE0F-17270986E861}.Release|Any CPU.ActiveCfg = Release|Any CPU
		{844D01E5-1625-42D2-BE0F-17270986E861}.Release|Any CPU.Build.0 = Release|Any CPU
		{168352DE-09C3-4C17-A448-31C449550561}.Debug|Any CPU.ActiveCfg = Debug|Any CPU
		{168352DE-09C3-4C17-A448-31C449550561}.Debug|Any CPU.Build.0 = Debug|Any CPU
		{168352DE-09C3-4C17-A448-31C449550561}.Release|Any CPU.ActiveCfg = Release|Any CPU
		{168352DE-09C3-4C17-A448-31C449550561}.Release|Any CPU.Build.0 = Release|Any CPU
		{F501F7C7-426B-4D8A-A9B6-D730F995D0D9}.Debug|Any CPU.ActiveCfg = Debug|Any CPU
		{F501F7C7-426B-4D8A-A9B6-D730F995D0D9}.Debug|Any CPU.Build.0 = Debug|Any CPU
		{F501F7C7-426B-4D8A-A9B6-D730F995D0D9}.Release|Any CPU.ActiveCfg = Release|Any CPU
		{F501F7C7-426B-4D8A-A9B6-D730F995D0D9}.Release|Any CPU.Build.0 = Release|Any CPU
		{EBDC5EC3-3600-4739-B203-1A2B79FE1038}.Debug|Any CPU.ActiveCfg = Debug|Any CPU
		{EBDC5EC3-3600-4739-B203-1A2B79FE1038}.Debug|Any CPU.Build.0 = Debug|Any CPU
		{EBDC5EC3-3600-4739-B203-1A2B79FE1038}.Release|Any CPU.ActiveCfg = Release|Any CPU
		{EBDC5EC3-3600-4739-B203-1A2B79FE1038}.Release|Any CPU.Build.0 = Release|Any CPU
		{4CE3E1E0-1FB9-4F25-B000-8AF291F87795}.Debug|Any CPU.ActiveCfg = Debug|Any CPU
		{4CE3E1E0-1FB9-4F25-B000-8AF291F87795}.Debug|Any CPU.Build.0 = Debug|Any CPU
		{4CE3E1E0-1FB9-4F25-B000-8AF291F87795}.Release|Any CPU.ActiveCfg = Release|Any CPU
		{4CE3E1E0-1FB9-4F25-B000-8AF291F87795}.Release|Any CPU.Build.0 = Release|Any CPU
		{CC4D3237-60F7-4887-8EDA-97F651C8610E}.Debug|Any CPU.ActiveCfg = Debug|Any CPU
		{CC4D3237-60F7-4887-8EDA-97F651C8610E}.Debug|Any CPU.Build.0 = Debug|Any CPU
		{CC4D3237-60F7-4887-8EDA-97F651C8610E}.Release|Any CPU.ActiveCfg = Release|Any CPU
		{CC4D3237-60F7-4887-8EDA-97F651C8610E}.Release|Any CPU.Build.0 = Release|Any CPU
		{E300B789-6E95-4354-9B96-57FD3835911B}.Debug|Any CPU.ActiveCfg = Debug|Any CPU
		{E300B789-6E95-4354-9B96-57FD3835911B}.Debug|Any CPU.Build.0 = Debug|Any CPU
		{E300B789-6E95-4354-9B96-57FD3835911B}.Release|Any CPU.ActiveCfg = Release|Any CPU
		{E300B789-6E95-4354-9B96-57FD3835911B}.Release|Any CPU.Build.0 = Release|Any CPU
		{554B783E-32B5-4920-840B-6D2F65588419}.Debug|Any CPU.ActiveCfg = Debug|Any CPU
		{554B783E-32B5-4920-840B-6D2F65588419}.Debug|Any CPU.Build.0 = Debug|Any CPU
		{554B783E-32B5-4920-840B-6D2F65588419}.Release|Any CPU.ActiveCfg = Release|Any CPU
		{554B783E-32B5-4920-840B-6D2F65588419}.Release|Any CPU.Build.0 = Release|Any CPU
		{7C7CF031-4DB0-4854-98C6-F6776917B19B}.Debug|Any CPU.ActiveCfg = Debug|Any CPU
		{7C7CF031-4DB0-4854-98C6-F6776917B19B}.Debug|Any CPU.Build.0 = Debug|Any CPU
		{7C7CF031-4DB0-4854-98C6-F6776917B19B}.Release|Any CPU.ActiveCfg = Release|Any CPU
		{7C7CF031-4DB0-4854-98C6-F6776917B19B}.Release|Any CPU.Build.0 = Release|Any CPU
	EndGlobalSection
	GlobalSection(SolutionProperties) = preSolution
		HideSolutionNode = FALSE
	EndGlobalSection
	GlobalSection(NestedProjects) = preSolution
		{844D01E5-1625-42D2-BE0F-17270986E861} = {3BE49CF1-D091-4E3D-B04D-1809E470FD10}
		{168352DE-09C3-4C17-A448-31C449550561} = {E6CD7885-8185-4DA3-AC5B-72A083E20F9A}
		{F501F7C7-426B-4D8A-A9B6-D730F995D0D9} = {E6CD7885-8185-4DA3-AC5B-72A083E20F9A}
		{EBDC5EC3-3600-4739-B203-1A2B79FE1038} = {F5B14308-5CED-4244-8CBA-6BE5318AB5F6}
		{4CE3E1E0-1FB9-4F25-B000-8AF291F87795} = {F5B14308-5CED-4244-8CBA-6BE5318AB5F6}
		{CC4D3237-60F7-4887-8EDA-97F651C8610E} = {512C401C-43B0-4E95-B6F3-E4B11219511B}
		{E300B789-6E95-4354-9B96-57FD3835911B} = {512C401C-43B0-4E95-B6F3-E4B11219511B}
		{554B783E-32B5-4920-840B-6D2F65588419} = {23ED2975-3CB6-4A3E-A6FB-19CD0A55ADE2}
		{7C7CF031-4DB0-4854-98C6-F6776917B19B} = {6C480A56-4FAE-4A7E-953E-7096781CEAD2}
	EndGlobalSection
	GlobalSection(ExtensibilityGlobals) = postSolution
		SolutionGuid = {A4311D44-A901-4F78-B33D-A9C49D767AE9}
	EndGlobalSection
EndGlobal
